// !$*UTF8*$!
{
	archiveVersion = 1;
	classes = {
	};
	objectVersion = 48;
	objects = {

/* Begin PBXBuildFile section */
		9CA469B61FD786D2000916A2 /* AppDelegate.swift in Sources */ = {isa = PBXBuildFile; fileRef = 9CA469B51FD786D2000916A2 /* AppDelegate.swift */; };
		9CA469B81FD786D2000916A2 /* ViewController.swift in Sources */ = {isa = PBXBuildFile; fileRef = 9CA469B71FD786D2000916A2 /* ViewController.swift */; };
		9CA469BB1FD786D2000916A2 /* Main.storyboard in Resources */ = {isa = PBXBuildFile; fileRef = 9CA469B91FD786D2000916A2 /* Main.storyboard */; };
		9CA469BD1FD786D2000916A2 /* Assets.xcassets in Resources */ = {isa = PBXBuildFile; fileRef = 9CA469BC1FD786D2000916A2 /* Assets.xcassets */; };
		9CA469C01FD786D2000916A2 /* LaunchScreen.storyboard in Resources */ = {isa = PBXBuildFile; fileRef = 9CA469BE1FD786D2000916A2 /* LaunchScreen.storyboard */; };
		9CA469CB1FD786D2000916A2 /* BacklogSelectionTests.swift in Sources */ = {isa = PBXBuildFile; fileRef = 9CA469CA1FD786D2000916A2 /* BacklogSelectionTests.swift */; };
		9CA469D61FD786D2000916A2 /* BacklogSelectionUITests.swift in Sources */ = {isa = PBXBuildFile; fileRef = 9CA469D51FD786D2000916A2 /* BacklogSelectionUITests.swift */; };
/* End PBXBuildFile section */

/* Begin PBXContainerItemProxy section */
		9CA469C71FD786D2000916A2 /* PBXContainerItemProxy */ = {
			isa = PBXContainerItemProxy;
			containerPortal = 9CA469AA1FD786D2000916A2 /* Project object */;
			proxyType = 1;
			remoteGlobalIDString = 9CA469B11FD786D2000916A2;
			remoteInfo = BacklogSelection;
		};
		9CA469D21FD786D2000916A2 /* PBXContainerItemProxy */ = {
			isa = PBXContainerItemProxy;
			containerPortal = 9CA469AA1FD786D2000916A2 /* Project object */;
			proxyType = 1;
			remoteGlobalIDString = 9CA469B11FD786D2000916A2;
			remoteInfo = BacklogSelection;
		};
/* End PBXContainerItemProxy section */

/* Begin PBXFileReference section */
		9CA469B21FD786D2000916A2 /* BacklogSelection.app */ = {isa = PBXFileReference; explicitFileType = wrapper.application; includeInIndex = 0; path = BacklogSelection.app; sourceTree = BUILT_PRODUCTS_DIR; };
		9CA469B51FD786D2000916A2 /* AppDelegate.swift */ = {isa = PBXFileReference; lastKnownFileType = sourcecode.swift; path = AppDelegate.swift; sourceTree = "<group>"; };
		9CA469B71FD786D2000916A2 /* ViewController.swift */ = {isa = PBXFileReference; lastKnownFileType = sourcecode.swift; path = ViewController.swift; sourceTree = "<group>"; };
		9CA469BA1FD786D2000916A2 /* Base */ = {isa = PBXFileReference; lastKnownFileType = file.storyboard; name = Base; path = Base.lproj/Main.storyboard; sourceTree = "<group>"; };
		9CA469BC1FD786D2000916A2 /* Assets.xcassets */ = {isa = PBXFileReference; lastKnownFileType = folder.assetcatalog; path = Assets.xcassets; sourceTree = "<group>"; };
		9CA469BF1FD786D2000916A2 /* Base */ = {isa = PBXFileReference; lastKnownFileType = file.storyboard; name = Base; path = Base.lproj/LaunchScreen.storyboard; sourceTree = "<group>"; };
		9CA469C11FD786D2000916A2 /* Info.plist */ = {isa = PBXFileReference; lastKnownFileType = text.plist.xml; path = Info.plist; sourceTree = "<group>"; };
		9CA469C61FD786D2000916A2 /* BacklogSelectionTests.xctest */ = {isa = PBXFileReference; explicitFileType = wrapper.cfbundle; includeInIndex = 0; path = BacklogSelectionTests.xctest; sourceTree = BUILT_PRODUCTS_DIR; };
		9CA469CA1FD786D2000916A2 /* BacklogSelectionTests.swift */ = {isa = PBXFileReference; lastKnownFileType = sourcecode.swift; path = BacklogSelectionTests.swift; sourceTree = "<group>"; };
		9CA469CC1FD786D2000916A2 /* Info.plist */ = {isa = PBXFileReference; lastKnownFileType = text.plist.xml; path = Info.plist; sourceTree = "<group>"; };
		9CA469D11FD786D2000916A2 /* BacklogSelectionUITests.xctest */ = {isa = PBXFileReference; explicitFileType = wrapper.cfbundle; includeInIndex = 0; path = BacklogSelectionUITests.xctest; sourceTree = BUILT_PRODUCTS_DIR; };
		9CA469D51FD786D2000916A2 /* BacklogSelectionUITests.swift */ = {isa = PBXFileReference; lastKnownFileType = sourcecode.swift; path = BacklogSelectionUITests.swift; sourceTree = "<group>"; };
		9CA469D71FD786D2000916A2 /* Info.plist */ = {isa = PBXFileReference; lastKnownFileType = text.plist.xml; path = Info.plist; sourceTree = "<group>"; };
/* End PBXFileReference section */

/* Begin PBXFrameworksBuildPhase section */
		9CA469AF1FD786D2000916A2 /* Frameworks */ = {
			isa = PBXFrameworksBuildPhase;
			buildActionMask = 2147483647;
			files = (
			);
			runOnlyForDeploymentPostprocessing = 0;
		};
		9CA469C31FD786D2000916A2 /* Frameworks */ = {
			isa = PBXFrameworksBuildPhase;
			buildActionMask = 2147483647;
			files = (
			);
			runOnlyForDeploymentPostprocessing = 0;
		};
		9CA469CE1FD786D2000916A2 /* Frameworks */ = {
			isa = PBXFrameworksBuildPhase;
			buildActionMask = 2147483647;
			files = (
			);
			runOnlyForDeploymentPostprocessing = 0;
		};
/* End PBXFrameworksBuildPhase section */

/* Begin PBXGroup section */
		9CA469A91FD786D2000916A2 = {
			isa = PBXGroup;
			children = (
				9CA469B41FD786D2000916A2 /* BacklogSelection */,
				9CA469C91FD786D2000916A2 /* BacklogSelectionTests */,
				9CA469D41FD786D2000916A2 /* BacklogSelectionUITests */,
				9CA469B31FD786D2000916A2 /* Products */,
			);
			sourceTree = "<group>";
		};
		9CA469B31FD786D2000916A2 /* Products */ = {
			isa = PBXGroup;
			children = (
				9CA469B21FD786D2000916A2 /* BacklogSelection.app */,
				9CA469C61FD786D2000916A2 /* BacklogSelectionTests.xctest */,
				9CA469D11FD786D2000916A2 /* BacklogSelectionUITests.xctest */,
			);
			name = Products;
			sourceTree = "<group>";
		};
		9CA469B41FD786D2000916A2 /* BacklogSelection */ = {
			isa = PBXGroup;
			children = (
				9CA469B51FD786D2000916A2 /* AppDelegate.swift */,
				9CA469B71FD786D2000916A2 /* ViewController.swift */,
				9CA469B91FD786D2000916A2 /* Main.storyboard */,
				9CA469BC1FD786D2000916A2 /* Assets.xcassets */,
				9CA469BE1FD786D2000916A2 /* LaunchScreen.storyboard */,
				9CA469C11FD786D2000916A2 /* Info.plist */,
			);
			path = BacklogSelection;
			sourceTree = "<group>";
		};
		9CA469C91FD786D2000916A2 /* BacklogSelectionTests */ = {
			isa = PBXGroup;
			children = (
				9CA469CA1FD786D2000916A2 /* BacklogSelectionTests.swift */,
				9CA469CC1FD786D2000916A2 /* Info.plist */,
			);
			path = BacklogSelectionTests;
			sourceTree = "<group>";
		};
		9CA469D41FD786D2000916A2 /* BacklogSelectionUITests */ = {
			isa = PBXGroup;
			children = (
				9CA469D51FD786D2000916A2 /* BacklogSelectionUITests.swift */,
				9CA469D71FD786D2000916A2 /* Info.plist */,
			);
			path = BacklogSelectionUITests;
			sourceTree = "<group>";
		};
/* End PBXGroup section */

/* Begin PBXNativeTarget section */
		9CA469B11FD786D2000916A2 /* BacklogSelection */ = {
			isa = PBXNativeTarget;
			buildConfigurationList = 9CA469DA1FD786D2000916A2 /* Build configuration list for PBXNativeTarget "BacklogSelection" */;
			buildPhases = (
				9CA469AE1FD786D2000916A2 /* Sources */,
				9CA469AF1FD786D2000916A2 /* Frameworks */,
				9CA469B01FD786D2000916A2 /* Resources */,
			);
			buildRules = (
			);
			dependencies = (
			);
			name = BacklogSelection;
			productName = BacklogSelection;
			productReference = 9CA469B21FD786D2000916A2 /* BacklogSelection.app */;
			productType = "com.apple.product-type.application";
		};
		9CA469C51FD786D2000916A2 /* BacklogSelectionTests */ = {
			isa = PBXNativeTarget;
			buildConfigurationList = 9CA469DD1FD786D2000916A2 /* Build configuration list for PBXNativeTarget "BacklogSelectionTests" */;
			buildPhases = (
				9CA469C21FD786D2000916A2 /* Sources */,
				9CA469C31FD786D2000916A2 /* Frameworks */,
				9CA469C41FD786D2000916A2 /* Resources */,
			);
			buildRules = (
			);
			dependencies = (
				9CA469C81FD786D2000916A2 /* PBXTargetDependency */,
			);
			name = BacklogSelectionTests;
			productName = BacklogSelectionTests;
			productReference = 9CA469C61FD786D2000916A2 /* BacklogSelectionTests.xctest */;
			productType = "com.apple.product-type.bundle.unit-test";
		};
		9CA469D01FD786D2000916A2 /* BacklogSelectionUITests */ = {
			isa = PBXNativeTarget;
			buildConfigurationList = 9CA469E01FD786D2000916A2 /* Build configuration list for PBXNativeTarget "BacklogSelectionUITests" */;
			buildPhases = (
				9CA469CD1FD786D2000916A2 /* Sources */,
				9CA469CE1FD786D2000916A2 /* Frameworks */,
				9CA469CF1FD786D2000916A2 /* Resources */,
			);
			buildRules = (
			);
			dependencies = (
				9CA469D31FD786D2000916A2 /* PBXTargetDependency */,
			);
			name = BacklogSelectionUITests;
			productName = BacklogSelectionUITests;
			productReference = 9CA469D11FD786D2000916A2 /* BacklogSelectionUITests.xctest */;
			productType = "com.apple.product-type.bundle.ui-testing";
		};
/* End PBXNativeTarget section */

/* Begin PBXProject section */
		9CA469AA1FD786D2000916A2 /* Project object */ = {
			isa = PBXProject;
			attributes = {
				LastSwiftUpdateCheck = 0910;
				LastUpgradeCheck = 0910;
				ORGANIZATIONNAME = "清水 隼人";
				TargetAttributes = {
					9CA469B11FD786D2000916A2 = {
						CreatedOnToolsVersion = 9.1;
						ProvisioningStyle = Automatic;
					};
					9CA469C51FD786D2000916A2 = {
						CreatedOnToolsVersion = 9.1;
						ProvisioningStyle = Automatic;
						TestTargetID = 9CA469B11FD786D2000916A2;
					};
					9CA469D01FD786D2000916A2 = {
						CreatedOnToolsVersion = 9.1;
						ProvisioningStyle = Automatic;
						TestTargetID = 9CA469B11FD786D2000916A2;
					};
				};
			};
			buildConfigurationList = 9CA469AD1FD786D2000916A2 /* Build configuration list for PBXProject "BacklogSelection" */;
			compatibilityVersion = "Xcode 8.0";
			developmentRegion = en;
			hasScannedForEncodings = 0;
			knownRegions = (
				en,
				Base,
			);
			mainGroup = 9CA469A91FD786D2000916A2;
			productRefGroup = 9CA469B31FD786D2000916A2 /* Products */;
			projectDirPath = "";
			projectRoot = "";
			targets = (
				9CA469B11FD786D2000916A2 /* BacklogSelection */,
				9CA469C51FD786D2000916A2 /* BacklogSelectionTests */,
				9CA469D01FD786D2000916A2 /* BacklogSelectionUITests */,
			);
		};
/* End PBXProject section */

/* Begin PBXResourcesBuildPhase section */
		9CA469B01FD786D2000916A2 /* Resources */ = {
			isa = PBXResourcesBuildPhase;
			buildActionMask = 2147483647;
			files = (
				9CA469C01FD786D2000916A2 /* LaunchScreen.storyboard in Resources */,
				9CA469BD1FD786D2000916A2 /* Assets.xcassets in Resources */,
				9CA469BB1FD786D2000916A2 /* Main.storyboard in Resources */,
			);
			runOnlyForDeploymentPostprocessing = 0;
		};
		9CA469C41FD786D2000916A2 /* Resources */ = {
			isa = PBXResourcesBuildPhase;
			buildActionMask = 2147483647;
			files = (
			);
			runOnlyForDeploymentPostprocessing = 0;
		};
		9CA469CF1FD786D2000916A2 /* Resources */ = {
			isa = PBXResourcesBuildPhase;
			buildActionMask = 2147483647;
			files = (
			);
			runOnlyForDeploymentPostprocessing = 0;
		};
/* End PBXResourcesBuildPhase section */

/* Begin PBXSourcesBuildPhase section */
		9CA469AE1FD786D2000916A2 /* Sources */ = {
			isa = PBXSourcesBuildPhase;
			buildActionMask = 2147483647;
			files = (
				9CA469B81FD786D2000916A2 /* ViewController.swift in Sources */,
				9CA469B61FD786D2000916A2 /* AppDelegate.swift in Sources */,
			);
			runOnlyForDeploymentPostprocessing = 0;
		};
		9CA469C21FD786D2000916A2 /* Sources */ = {
			isa = PBXSourcesBuildPhase;
			buildActionMask = 2147483647;
			files = (
				9CA469CB1FD786D2000916A2 /* BacklogSelectionTests.swift in Sources */,
			);
			runOnlyForDeploymentPostprocessing = 0;
		};
		9CA469CD1FD786D2000916A2 /* Sources */ = {
			isa = PBXSourcesBuildPhase;
			buildActionMask = 2147483647;
			files = (
				9CA469D61FD786D2000916A2 /* BacklogSelectionUITests.swift in Sources */,
			);
			runOnlyForDeploymentPostprocessing = 0;
		};
/* End PBXSourcesBuildPhase section */

/* Begin PBXTargetDependency section */
		9CA469C81FD786D2000916A2 /* PBXTargetDependency */ = {
			isa = PBXTargetDependency;
			target = 9CA469B11FD786D2000916A2 /* BacklogSelection */;
			targetProxy = 9CA469C71FD786D2000916A2 /* PBXContainerItemProxy */;
		};
		9CA469D31FD786D2000916A2 /* PBXTargetDependency */ = {
			isa = PBXTargetDependency;
			target = 9CA469B11FD786D2000916A2 /* BacklogSelection */;
			targetProxy = 9CA469D21FD786D2000916A2 /* PBXContainerItemProxy */;
		};
/* End PBXTargetDependency section */

/* Begin PBXVariantGroup section */
		9CA469B91FD786D2000916A2 /* Main.storyboard */ = {
			isa = PBXVariantGroup;
			children = (
				9CA469BA1FD786D2000916A2 /* Base */,
			);
			name = Main.storyboard;
			sourceTree = "<group>";
		};
		9CA469BE1FD786D2000916A2 /* LaunchScreen.storyboard */ = {
			isa = PBXVariantGroup;
			children = (
				9CA469BF1FD786D2000916A2 /* Base */,
			);
			name = LaunchScreen.storyboard;
			sourceTree = "<group>";
		};
/* End PBXVariantGroup section */

/* Begin XCBuildConfiguration section */
		9CA469D81FD786D2000916A2 /* Debug */ = {
			isa = XCBuildConfiguration;
			buildSettings = {
				ALWAYS_SEARCH_USER_PATHS = NO;
				CLANG_ANALYZER_NONNULL = YES;
				CLANG_ANALYZER_NUMBER_OBJECT_CONVERSION = YES_AGGRESSIVE;
				CLANG_CXX_LANGUAGE_STANDARD = "gnu++14";
				CLANG_CXX_LIBRARY = "libc++";
				CLANG_ENABLE_MODULES = YES;
				CLANG_ENABLE_OBJC_ARC = YES;
				CLANG_WARN_BLOCK_CAPTURE_AUTORELEASING = YES;
				CLANG_WARN_BOOL_CONVERSION = YES;
				CLANG_WARN_COMMA = YES;
				CLANG_WARN_CONSTANT_CONVERSION = YES;
				CLANG_WARN_DIRECT_OBJC_ISA_USAGE = YES_ERROR;
				CLANG_WARN_DOCUMENTATION_COMMENTS = YES;
				CLANG_WARN_EMPTY_BODY = YES;
				CLANG_WARN_ENUM_CONVERSION = YES;
				CLANG_WARN_INFINITE_RECURSION = YES;
				CLANG_WARN_INT_CONVERSION = YES;
				CLANG_WARN_NON_LITERAL_NULL_CONVERSION = YES;
				CLANG_WARN_OBJC_LITERAL_CONVERSION = YES;
				CLANG_WARN_OBJC_ROOT_CLASS = YES_ERROR;
				CLANG_WARN_RANGE_LOOP_ANALYSIS = YES;
				CLANG_WARN_STRICT_PROTOTYPES = YES;
				CLANG_WARN_SUSPICIOUS_MOVE = YES;
				CLANG_WARN_UNGUARDED_AVAILABILITY = YES_AGGRESSIVE;
				CLANG_WARN_UNREACHABLE_CODE = YES;
				CLANG_WARN__DUPLICATE_METHOD_MATCH = YES;
				CODE_SIGN_IDENTITY = "iPhone Developer";
				COPY_PHASE_STRIP = NO;
				DEBUG_INFORMATION_FORMAT = dwarf;
				ENABLE_STRICT_OBJC_MSGSEND = YES;
				ENABLE_TESTABILITY = YES;
				GCC_C_LANGUAGE_STANDARD = gnu11;
				GCC_DYNAMIC_NO_PIC = NO;
				GCC_NO_COMMON_BLOCKS = YES;
				GCC_OPTIMIZATION_LEVEL = 0;
				GCC_PREPROCESSOR_DEFINITIONS = (
					"DEBUG=1",
					"$(inherited)",
				);
				GCC_WARN_64_TO_32_BIT_CONVERSION = YES;
				GCC_WARN_ABOUT_RETURN_TYPE = YES_ERROR;
				GCC_WARN_UNDECLARED_SELECTOR = YES;
				GCC_WARN_UNINITIALIZED_AUTOS = YES_AGGRESSIVE;
				GCC_WARN_UNUSED_FUNCTION = YES;
				GCC_WARN_UNUSED_VARIABLE = YES;
				IPHONEOS_DEPLOYMENT_TARGET = 11.1;
				MTL_ENABLE_DEBUG_INFO = YES;
				ONLY_ACTIVE_ARCH = YES;
				SDKROOT = iphoneos;
				SWIFT_ACTIVE_COMPILATION_CONDITIONS = DEBUG;
				SWIFT_OPTIMIZATION_LEVEL = "-Onone";
			};
			name = Debug;
		};
		9CA469D91FD786D2000916A2 /* Release */ = {
			isa = XCBuildConfiguration;
			buildSettings = {
				ALWAYS_SEARCH_USER_PATHS = NO;
				CLANG_ANALYZER_NONNULL = YES;
				CLANG_ANALYZER_NUMBER_OBJECT_CONVERSION = YES_AGGRESSIVE;
				CLANG_CXX_LANGUAGE_STANDARD = "gnu++14";
				CLANG_CXX_LIBRARY = "libc++";
				CLANG_ENABLE_MODULES = YES;
				CLANG_ENABLE_OBJC_ARC = YES;
				CLANG_WARN_BLOCK_CAPTURE_AUTORELEASING = YES;
				CLANG_WARN_BOOL_CONVERSION = YES;
				CLANG_WARN_COMMA = YES;
				CLANG_WARN_CONSTANT_CONVERSION = YES;
				CLANG_WARN_DIRECT_OBJC_ISA_USAGE = YES_ERROR;
				CLANG_WARN_DOCUMENTATION_COMMENTS = YES;
				CLANG_WARN_EMPTY_BODY = YES;
				CLANG_WARN_ENUM_CONVERSION = YES;
				CLANG_WARN_INFINITE_RECURSION = YES;
				CLANG_WARN_INT_CONVERSION = YES;
				CLANG_WARN_NON_LITERAL_NULL_CONVERSION = YES;
				CLANG_WARN_OBJC_LITERAL_CONVERSION = YES;
				CLANG_WARN_OBJC_ROOT_CLASS = YES_ERROR;
				CLANG_WARN_RANGE_LOOP_ANALYSIS = YES;
				CLANG_WARN_STRICT_PROTOTYPES = YES;
				CLANG_WARN_SUSPICIOUS_MOVE = YES;
				CLANG_WARN_UNGUARDED_AVAILABILITY = YES_AGGRESSIVE;
				CLANG_WARN_UNREACHABLE_CODE = YES;
				CLANG_WARN__DUPLICATE_METHOD_MATCH = YES;
				CODE_SIGN_IDENTITY = "iPhone Developer";
				COPY_PHASE_STRIP = NO;
				DEBUG_INFORMATION_FORMAT = "dwarf-with-dsym";
				ENABLE_NS_ASSERTIONS = NO;
				ENABLE_STRICT_OBJC_MSGSEND = YES;
				GCC_C_LANGUAGE_STANDARD = gnu11;
				GCC_NO_COMMON_BLOCKS = YES;
				GCC_WARN_64_TO_32_BIT_CONVERSION = YES;
				GCC_WARN_ABOUT_RETURN_TYPE = YES_ERROR;
				GCC_WARN_UNDECLARED_SELECTOR = YES;
				GCC_WARN_UNINITIALIZED_AUTOS = YES_AGGRESSIVE;
				GCC_WARN_UNUSED_FUNCTION = YES;
				GCC_WARN_UNUSED_VARIABLE = YES;
				IPHONEOS_DEPLOYMENT_TARGET = 11.1;
				MTL_ENABLE_DEBUG_INFO = NO;
				SDKROOT = iphoneos;
				SWIFT_OPTIMIZATION_LEVEL = "-Owholemodule";
				VALIDATE_PRODUCT = YES;
			};
			name = Release;
		};
		9CA469DB1FD786D2000916A2 /* Debug */ = {
			isa = XCBuildConfiguration;
			buildSettings = {
				ASSETCATALOG_COMPILER_APPICON_NAME = AppIcon;
				CODE_SIGN_STYLE = Automatic;
				INFOPLIST_FILE = BacklogSelection/Info.plist;
				LD_RUNPATH_SEARCH_PATHS = "$(inherited) @executable_path/Frameworks";
				PRODUCT_BUNDLE_IDENTIFIER = qinc.BacklogSelection;
				PRODUCT_NAME = "$(TARGET_NAME)";
				SWIFT_VERSION = 4.0;
				TARGETED_DEVICE_FAMILY = "1,2";
			};
			name = Debug;
		};
		9CA469DC1FD786D2000916A2 /* Release */ = {
			isa = XCBuildConfiguration;
			buildSettings = {
				ASSETCATALOG_COMPILER_APPICON_NAME = AppIcon;
				CODE_SIGN_STYLE = Automatic;
				INFOPLIST_FILE = BacklogSelection/Info.plist;
				LD_RUNPATH_SEARCH_PATHS = "$(inherited) @executable_path/Frameworks";
				PRODUCT_BUNDLE_IDENTIFIER = qinc.BacklogSelection;
				PRODUCT_NAME = "$(TARGET_NAME)";
				SWIFT_VERSION = 4.0;
				TARGETED_DEVICE_FAMILY = "1,2";
			};
			name = Release;
		};
		9CA469DE1FD786D2000916A2 /* Debug */ = {
			isa = XCBuildConfiguration;
			buildSettings = {
				ALWAYS_EMBED_SWIFT_STANDARD_LIBRARIES = YES;
				BUNDLE_LOADER = "$(TEST_HOST)";
				CODE_SIGN_STYLE = Automatic;
				INFOPLIST_FILE = BacklogSelectionTests/Info.plist;
				LD_RUNPATH_SEARCH_PATHS = "$(inherited) @executable_path/Frameworks @loader_path/Frameworks";
				PRODUCT_BUNDLE_IDENTIFIER = qinc.BacklogSelectionTests;
				PRODUCT_NAME = "$(TARGET_NAME)";
				SWIFT_VERSION = 4.0;
				TARGETED_DEVICE_FAMILY = "1,2";
				TEST_HOST = "$(BUILT_PRODUCTS_DIR)/BacklogSelection.app/BacklogSelection";
			};
			name = Debug;
		};
		9CA469DF1FD786D2000916A2 /* Release */ = {
			isa = XCBuildConfiguration;
			buildSettings = {
				ALWAYS_EMBED_SWIFT_STANDARD_LIBRARIES = YES;
				BUNDLE_LOADER = "$(TEST_HOST)";
				CODE_SIGN_STYLE = Automatic;
				INFOPLIST_FILE = BacklogSelectionTests/Info.plist;
				LD_RUNPATH_SEARCH_PATHS = "$(inherited) @executable_path/Frameworks @loader_path/Frameworks";
				PRODUCT_BUNDLE_IDENTIFIER = qinc.BacklogSelectionTests;
				PRODUCT_NAME = "$(TARGET_NAME)";
				SWIFT_VERSION = 4.0;
				TARGETED_DEVICE_FAMILY = "1,2";
				TEST_HOST = "$(BUILT_PRODUCTS_DIR)/BacklogSelection.app/BacklogSelection";
			};
			name = Release;
		};
		9CA469E11FD786D2000916A2 /* Debug */ = {
			isa = XCBuildConfiguration;
			buildSettings = {
				ALWAYS_EMBED_SWIFT_STANDARD_LIBRARIES = YES;
				CODE_SIGN_STYLE = Automatic;
				INFOPLIST_FILE = BacklogSelectionUITests/Info.plist;
				LD_RUNPATH_SEARCH_PATHS = "$(inherited) @executable_path/Frameworks @loader_path/Frameworks";
				PRODUCT_BUNDLE_IDENTIFIER = qinc.BacklogSelectionUITests;
				PRODUCT_NAME = "$(TARGET_NAME)";
				SWIFT_VERSION = 4.0;
				TARGETED_DEVICE_FAMILY = "1,2";
				TEST_TARGET_NAME = BacklogSelection;
			};
			name = Debug;
		};
		9CA469E21FD786D2000916A2 /* Release */ = {
			isa = XCBuildConfiguration;
			buildSettings = {
				ALWAYS_EMBED_SWIFT_STANDARD_LIBRARIES = YES;
				CODE_SIGN_STYLE = Automatic;
				INFOPLIST_FILE = BacklogSelectionUITests/Info.plist;
				LD_RUNPATH_SEARCH_PATHS = "$(inherited) @executable_path/Frameworks @loader_path/Frameworks";
				PRODUCT_BUNDLE_IDENTIFIER = qinc.BacklogSelectionUITests;
				PRODUCT_NAME = "$(TARGET_NAME)";
				SWIFT_VERSION = 4.0;
				TARGETED_DEVICE_FAMILY = "1,2";
				TEST_TARGET_NAME = BacklogSelection;
			};
			name = Release;
		};
/* End XCBuildConfiguration section */

/* Begin XCConfigurationList section */
		9CA469AD1FD786D2000916A2 /* Build configuration list for PBXProject "BacklogSelection" */ = {
			isa = XCConfigurationList;
			buildConfigurations = (
				9CA469D81FD786D2000916A2 /* Debug */,
				9CA469D91FD786D2000916A2 /* Release */,
			);
			defaultConfigurationIsVisible = 0;
			defaultConfigurationName = Release;
		};
		9CA469DA1FD786D2000916A2 /* Build configuration list for PBXNativeTarget "BacklogSelection" */ = {
			isa = XCConfigurationList;
			buildConfigurations = (
				9CA469DB1FD786D2000916A2 /* Debug */,
				9CA469DC1FD786D2000916A2 /* Release */,
			);
			defaultConfigurationIsVisible = 0;
			defaultConfigurationName = Release;
		};
		9CA469DD1FD786D2000916A2 /* Build configuration list for PBXNativeTarget "BacklogSelectionTests" */ = {
			isa = XCConfigurationList;
			buildConfigurations = (
				9CA469DE1FD786D2000916A2 /* Debug */,
				9CA469DF1FD786D2000916A2 /* Release */,
			);
			defaultConfigurationIsVisible = 0;
			defaultConfigurationName = Release;
		};
		9CA469E01FD786D2000916A2 /* Build configuration list for PBXNativeTarget "BacklogSelectionUITests" */ = {
			isa = XCConfigurationList;
			buildConfigurations = (
				9CA469E11FD786D2000916A2 /* Debug */,
				9CA469E21FD786D2000916A2 /* Release */,
			);
			defaultConfigurationIsVisible = 0;
			defaultConfigurationName = Release;
		};
/* End XCConfigurationList section */
	};
	rootObject = 9CA469AA1FD786D2000916A2 /* Project object */;
}
